
Microsoft Visual Studio Solution File, Format Version 12.00
# Visual Studio 15
VisualStudioVersion = 15.0.28307.271
MinimumVisualStudioVersion = 10.0.40219.1
Project("{8BC9CEB8-8B4A-11D0-8D11-00A0C91BC942}") = "homework9", "homework9\homework9.vcxproj", "{BD966656-A22C-44FB-B8E2-B39BD6355291}"
EndProject
Global
	GlobalSection(SolutionConfigurationPlatforms) = preSolution
		Debug|x64 = Debug|x64
		Debug|x86 = Debug|x86
		Release|x64 = Release|x64
		Release|x86 = Release|x86
	EndGlobalSection
	GlobalSection(ProjectConfigurationPlatforms) = postSolution
		{BD966656-A22C-44FB-B8E2-B39BD6355291}.Debug|x64.ActiveCfg = Debug|x64
		{BD966656-A22C-44FB-B8E2-B39BD6355291}.Debug|x64.Build.0 = Debug|x64
		{BD966656-A22C-44FB-B8E2-B39BD6355291}.Debug|x86.ActiveCfg = Debug|Win32
		{BD966656-A22C-44FB-B8E2-B39BD6355291}.Debug|x86.Build.0 = Debug|Win32
		{BD966656-A22C-44FB-B8E2-B39BD6355291}.Release|x64.ActiveCfg = Release|x64
		{BD966656-A22C-44FB-B8E2-B39BD6355291}.Release|x64.Build.0 = Release|x64
		{BD966656-A22C-44FB-B8E2-B39BD6355291}.Release|x86.ActiveCfg = Release|Win32
		{BD966656-A22C-44FB-B8E2-B39BD6355291}.Release|x86.Build.0 = Release|Win32
	EndGlobalSection
	GlobalSection(SolutionProperties) = preSolution
		HideSolutionNode = FALSE
	EndGlobalSection
	GlobalSection(ExtensibilityGlobals) = postSolution
		SolutionGuid = {DF9C14FA-625F-42EB-AF61-DE3114BA7CD7}
	EndGlobalSection
EndGlobal
